
Microsoft Visual Studio Solution File, Format Version 12.00
# Visual Studio Version 17
VisualStudioVersion = 17.7.34003.232
MinimumVisualStudioVersion = 10.0.40219.1
Project("{E53339B2-1760-4266-BCC7-CA923CBCF16C}") = "docker-compose", "docker-compose.dcproj", "{B3135ADB-692B-4BB2-A048-52190D0E892B}"
EndProject
Project("{2150E333-8FDC-42A3-9474-1A3956D46DE8}") = "src", "src", "{3BF2BD61-92E4-41A8-95DA-827A780E9BA2}"
EndProject
Project("{9A19103F-16F7-4668-BE54-9A1E7A4F7556}") = "App", "src\App\App.csproj", "{E351C420-68BA-4585-BC06-1C2E1D079F99}"
EndProject
Project("{2150E333-8FDC-42A3-9474-1A3956D46DE8}") = "Common", "Common", "{FD56437C-6F0B-428F-A40C-AA934C307C8F}"
EndProject
Project("{9A19103F-16F7-4668-BE54-9A1E7A4F7556}") = "Shared.Options", "src\Common\Shared.Options\Shared.Options.csproj", "{06236202-6D1F-4001-94D1-B19898E3F23D}"
EndProject
Project("{9A19103F-16F7-4668-BE54-9A1E7A4F7556}") = "Shared.Results", "src\Common\Shared.Results\Shared.Results.csproj", "{9AE3C425-7B02-4085-8D28-0FE4E05BD885}"
EndProject
Project("{9A19103F-16F7-4668-BE54-9A1E7A4F7556}") = "Shared.Results.FluentValidation", "src\Common\Shared.Results.FluentValidation\Shared.Results.FluentValidation.csproj", "{259A03B3-B075-4A1D-9337-7C82AD3F7D7B}"
EndProject
Project("{9A19103F-16F7-4668-BE54-9A1E7A4F7556}") = "Shared.Utils", "src\Common\Shared.Utils\Shared.Utils.csproj", "{41303C83-68F3-4AFC-946F-CB28C863E7A4}"
EndProject
Project("{2150E333-8FDC-42A3-9474-1A3956D46DE8}") = "Modules", "Modules", "{A600C9B7-E855-4636-AAD1-92E0E2A7CDAB}"
EndProject
Project("{2150E333-8FDC-42A3-9474-1A3956D46DE8}") = "Hub", "Hub", "{83E56A82-294B-428E-8139-BCC64C0FBE9E}"
EndProject
Project("{9A19103F-16F7-4668-BE54-9A1E7A4F7556}") = "Modules.Hub.Application", "src\Modules\Hub\Modules.Hub.Application\Modules.Hub.Application.csproj", "{E9CAC4E5-F7B5-4FA3-9191-02FCA0F55104}"
EndProject
Project("{9A19103F-16F7-4668-BE54-9A1E7A4F7556}") = "Modules.Hub.Domain", "src\Modules\Hub\Modules.Hub.Domain\Modules.Hub.Domain.csproj", "{FF1C1AD7-1723-4E02-9B9C-1E65765E5FA9}"
EndProject
Project("{9A19103F-16F7-4668-BE54-9A1E7A4F7556}") = "Modules.Hub.Infrastucture", "src\Modules\Hub\Modules.Hub.Infrastucture\Modules.Hub.Infrastucture.csproj", "{A1843BD0-6E2F-4F58-BB0E-D3EC9FB4A18E}"
EndProject
Project("{9A19103F-16F7-4668-BE54-9A1E7A4F7556}") = "Modules.Hub.IntegrationEvents", "src\Modules\Hub\Modules.Hub.IntegrationEvents\Modules.Hub.IntegrationEvents.csproj", "{E12E21D6-DA02-4450-B7C9-424E568498C8}"
EndProject
Project("{9A19103F-16F7-4668-BE54-9A1E7A4F7556}") = "Modules.Hub.Presentation", "src\Modules\Hub\Modules.Hub.Presentation\Modules.Hub.Presentation.csproj", "{B5F0E665-18C0-4AA1-BF18-9A0123A970DC}"
EndProject
Project("{9A19103F-16F7-4668-BE54-9A1E7A4F7556}") = "Modules.Hub.Persistence", "src\Modules\Hub\Modules.Hub.Persistence\Modules.Hub.Persistence.csproj", "{662EA537-AF73-4EC4-A3D8-047DA2AAEA0A}"
EndProject
Project("{2150E333-8FDC-42A3-9474-1A3956D46DE8}") = "tests", "tests", "{ABC24C50-6003-4F1D-AB3D-014CC21DD3C8}"
EndProject
Project("{2150E333-8FDC-42A3-9474-1A3956D46DE8}") = "Common", "Common", "{031CFB21-0BDE-4A9E-9C9D-8DA5120C4333}"
EndProject
Project("{9A19103F-16F7-4668-BE54-9A1E7A4F7556}") = "Shared.Results.UnitTests", "tests\Common\Shared.Results.UnitTests\Shared.Results.UnitTests.csproj", "{D236DEAB-80B1-4DE1-B7E7-8A8CE207062C}"
EndProject
Project("{9A19103F-16F7-4668-BE54-9A1E7A4F7556}") = "Application", "src\Common\Application\Application.csproj", "{B89467C6-C7EB-4FDC-8579-722E31B26E9E}"
EndProject
Project("{9A19103F-16F7-4668-BE54-9A1E7A4F7556}") = "Infrastructure", "src\Common\Infrastructure\Infrastructure.csproj", "{62A94A5A-5348-44EF-9CFB-02BAE57041AA}"
EndProject
Project("{2150E333-8FDC-42A3-9474-1A3956D46DE8}") = "Solution Items", "Solution Items", "{1CFC5AAC-0E9E-422E-98B4-90B8C973F2EE}"
	ProjectSection(SolutionItems) = preProject
		.editorconfig = .editorconfig
		.gitattributes = .gitattributes
		.gitignore = .gitignore
	EndProjectSection
EndProject
Project("{2150E333-8FDC-42A3-9474-1A3956D46DE8}") = "Sync", "Sync", "{A4BA52D7-7C2F-4F8E-8231-B2027134769C}"
EndProject
Project("{2150E333-8FDC-42A3-9474-1A3956D46DE8}") = "Notifications", "Notifications", "{2F8D8C7F-82FA-4243-A73C-6232F7C288BF}"
EndProject
Project("{9A19103F-16F7-4668-BE54-9A1E7A4F7556}") = "Modules.Notifications.Application", "src\Modules\Notifications\Modules.Notifications.Application\Modules.Notifications.Application.csproj", "{EFCDAE45-7162-4E65-B31C-EF607AD49B07}"
EndProject
Project("{9A19103F-16F7-4668-BE54-9A1E7A4F7556}") = "Persistence", "src\Common\Persistence\Persistence.csproj", "{8ABAB065-030B-40BF-BA9C-6DC6B525F2D3}"
EndProject
Project("{9A19103F-16F7-4668-BE54-9A1E7A4F7556}") = "Modules.Notifications.Persistence", "src\Modules\Notifications\Modules.Notifications.Persistence\Modules.Notifications.Persistence.csproj", "{1F6FC2C5-F9B0-45BA-8A9D-D2B2213CD051}"
EndProject
Project("{9A19103F-16F7-4668-BE54-9A1E7A4F7556}") = "Modules.Notifications.Infrastructure", "src\Modules\Notifications\Modules.Notifications.Infrastructure\Modules.Notifications.Infrastructure.csproj", "{6A725CDE-1C43-4D23-AB2B-399ABC4D29B8}"
EndProject
Project("{9A19103F-16F7-4668-BE54-9A1E7A4F7556}") = "Domain", "src\Common\Domain\Domain.csproj", "{98838757-D855-468E-BDCF-9EB0D09D1E09}"
EndProject
Project("{9A19103F-16F7-4668-BE54-9A1E7A4F7556}") = "Modules.Sync.Application", "src\Modules\Sync\Modules.Sync.Application\Modules.Sync.Application.csproj", "{B0B41CA2-F8E4-41AE-A6E8-2EAA2E21CDD1}"
EndProject
Project("{9A19103F-16F7-4668-BE54-9A1E7A4F7556}") = "Modules.Sync.Infrastructure", "src\Modules\Sync\Modules.Sync.Infrastructure\Modules.Sync.Infrastructure.csproj", "{AA45F0DE-206C-4571-9583-278987DD1C43}"
EndProject
Project("{9A19103F-16F7-4668-BE54-9A1E7A4F7556}") = "Modules.Hub.Communication", "src\Modules\Hub\Modules.Hub.Communication\Modules.Hub.Communication.csproj", "{0CD047A7-2518-4481-929A-346B8A1AC5DE}"
EndProject
Project("{9A19103F-16F7-4668-BE54-9A1E7A4F7556}") = "Modules.Sync.Persistence", "src\Modules\Sync\Modules.Sync.Persistence\Modules.Sync.Persistence.csproj", "{242FB11E-669A-4D86-B80C-F0EC71222A8E}"
EndProject
Project("{9A19103F-16F7-4668-BE54-9A1E7A4F7556}") = "Modules.Sync.Domain", "src\Modules\Sync\Modules.Sync.Domain\Modules.Sync.Domain.csproj", "{59E43D38-C041-4E43-8F4C-3E3E57E15149}"
EndProject
Global
	GlobalSection(SolutionConfigurationPlatforms) = preSolution
		Debug|Any CPU = Debug|Any CPU
		Release|Any CPU = Release|Any CPU
	EndGlobalSection
	GlobalSection(ProjectConfigurationPlatforms) = postSolution
		{B3135ADB-692B-4BB2-A048-52190D0E892B}.Debug|Any CPU.ActiveCfg = Debug|Any CPU
		{B3135ADB-692B-4BB2-A048-52190D0E892B}.Debug|Any CPU.Build.0 = Debug|Any CPU
		{B3135ADB-692B-4BB2-A048-52190D0E892B}.Release|Any CPU.ActiveCfg = Release|Any CPU
		{B3135ADB-692B-4BB2-A048-52190D0E892B}.Release|Any CPU.Build.0 = Release|Any CPU
		{E351C420-68BA-4585-BC06-1C2E1D079F99}.Debug|Any CPU.ActiveCfg = Debug|Any CPU
		{E351C420-68BA-4585-BC06-1C2E1D079F99}.Debug|Any CPU.Build.0 = Debug|Any CPU
		{E351C420-68BA-4585-BC06-1C2E1D079F99}.Release|Any CPU.ActiveCfg = Release|Any CPU
		{E351C420-68BA-4585-BC06-1C2E1D079F99}.Release|Any CPU.Build.0 = Release|Any CPU
		{06236202-6D1F-4001-94D1-B19898E3F23D}.Debug|Any CPU.ActiveCfg = Debug|Any CPU
		{06236202-6D1F-4001-94D1-B19898E3F23D}.Debug|Any CPU.Build.0 = Debug|Any CPU
		{06236202-6D1F-4001-94D1-B19898E3F23D}.Release|Any CPU.ActiveCfg = Release|Any CPU
		{06236202-6D1F-4001-94D1-B19898E3F23D}.Release|Any CPU.Build.0 = Release|Any CPU
		{9AE3C425-7B02-4085-8D28-0FE4E05BD885}.Debug|Any CPU.ActiveCfg = Debug|Any CPU
		{9AE3C425-7B02-4085-8D28-0FE4E05BD885}.Debug|Any CPU.Build.0 = Debug|Any CPU
		{9AE3C425-7B02-4085-8D28-0FE4E05BD885}.Release|Any CPU.ActiveCfg = Release|Any CPU
		{9AE3C425-7B02-4085-8D28-0FE4E05BD885}.Release|Any CPU.Build.0 = Release|Any CPU
		{259A03B3-B075-4A1D-9337-7C82AD3F7D7B}.Debug|Any CPU.ActiveCfg = Debug|Any CPU
		{259A03B3-B075-4A1D-9337-7C82AD3F7D7B}.Debug|Any CPU.Build.0 = Debug|Any CPU
		{259A03B3-B075-4A1D-9337-7C82AD3F7D7B}.Release|Any CPU.ActiveCfg = Release|Any CPU
		{259A03B3-B075-4A1D-9337-7C82AD3F7D7B}.Release|Any CPU.Build.0 = Release|Any CPU
		{41303C83-68F3-4AFC-946F-CB28C863E7A4}.Debug|Any CPU.ActiveCfg = Debug|Any CPU
		{41303C83-68F3-4AFC-946F-CB28C863E7A4}.Debug|Any CPU.Build.0 = Debug|Any CPU
		{41303C83-68F3-4AFC-946F-CB28C863E7A4}.Release|Any CPU.ActiveCfg = Release|Any CPU
		{41303C83-68F3-4AFC-946F-CB28C863E7A4}.Release|Any CPU.Build.0 = Release|Any CPU
		{E9CAC4E5-F7B5-4FA3-9191-02FCA0F55104}.Debug|Any CPU.ActiveCfg = Debug|Any CPU
		{E9CAC4E5-F7B5-4FA3-9191-02FCA0F55104}.Debug|Any CPU.Build.0 = Debug|Any CPU
		{E9CAC4E5-F7B5-4FA3-9191-02FCA0F55104}.Release|Any CPU.ActiveCfg = Release|Any CPU
		{E9CAC4E5-F7B5-4FA3-9191-02FCA0F55104}.Release|Any CPU.Build.0 = Release|Any CPU
		{FF1C1AD7-1723-4E02-9B9C-1E65765E5FA9}.Debug|Any CPU.ActiveCfg = Debug|Any CPU
		{FF1C1AD7-1723-4E02-9B9C-1E65765E5FA9}.Debug|Any CPU.Build.0 = Debug|Any CPU
		{FF1C1AD7-1723-4E02-9B9C-1E65765E5FA9}.Release|Any CPU.ActiveCfg = Release|Any CPU
		{FF1C1AD7-1723-4E02-9B9C-1E65765E5FA9}.Release|Any CPU.Build.0 = Release|Any CPU
		{A1843BD0-6E2F-4F58-BB0E-D3EC9FB4A18E}.Debug|Any CPU.ActiveCfg = Debug|Any CPU
		{A1843BD0-6E2F-4F58-BB0E-D3EC9FB4A18E}.Debug|Any CPU.Build.0 = Debug|Any CPU
		{A1843BD0-6E2F-4F58-BB0E-D3EC9FB4A18E}.Release|Any CPU.ActiveCfg = Release|Any CPU
		{A1843BD0-6E2F-4F58-BB0E-D3EC9FB4A18E}.Release|Any CPU.Build.0 = Release|Any CPU
		{E12E21D6-DA02-4450-B7C9-424E568498C8}.Debug|Any CPU.ActiveCfg = Debug|Any CPU
		{E12E21D6-DA02-4450-B7C9-424E568498C8}.Debug|Any CPU.Build.0 = Debug|Any CPU
		{E12E21D6-DA02-4450-B7C9-424E568498C8}.Release|Any CPU.ActiveCfg = Release|Any CPU
		{E12E21D6-DA02-4450-B7C9-424E568498C8}.Release|Any CPU.Build.0 = Release|Any CPU
		{B5F0E665-18C0-4AA1-BF18-9A0123A970DC}.Debug|Any CPU.ActiveCfg = Debug|Any CPU
		{B5F0E665-18C0-4AA1-BF18-9A0123A970DC}.Debug|Any CPU.Build.0 = Debug|Any CPU
		{B5F0E665-18C0-4AA1-BF18-9A0123A970DC}.Release|Any CPU.ActiveCfg = Release|Any CPU
		{B5F0E665-18C0-4AA1-BF18-9A0123A970DC}.Release|Any CPU.Build.0 = Release|Any CPU
		{662EA537-AF73-4EC4-A3D8-047DA2AAEA0A}.Debug|Any CPU.ActiveCfg = Debug|Any CPU
		{662EA537-AF73-4EC4-A3D8-047DA2AAEA0A}.Debug|Any CPU.Build.0 = Debug|Any CPU
		{662EA537-AF73-4EC4-A3D8-047DA2AAEA0A}.Release|Any CPU.ActiveCfg = Release|Any CPU
		{662EA537-AF73-4EC4-A3D8-047DA2AAEA0A}.Release|Any CPU.Build.0 = Release|Any CPU
		{D236DEAB-80B1-4DE1-B7E7-8A8CE207062C}.Debug|Any CPU.ActiveCfg = Debug|Any CPU
		{D236DEAB-80B1-4DE1-B7E7-8A8CE207062C}.Debug|Any CPU.Build.0 = Debug|Any CPU
		{D236DEAB-80B1-4DE1-B7E7-8A8CE207062C}.Release|Any CPU.ActiveCfg = Release|Any CPU
		{D236DEAB-80B1-4DE1-B7E7-8A8CE207062C}.Release|Any CPU.Build.0 = Release|Any CPU
		{B89467C6-C7EB-4FDC-8579-722E31B26E9E}.Debug|Any CPU.ActiveCfg = Debug|Any CPU
		{B89467C6-C7EB-4FDC-8579-722E31B26E9E}.Debug|Any CPU.Build.0 = Debug|Any CPU
		{B89467C6-C7EB-4FDC-8579-722E31B26E9E}.Release|Any CPU.ActiveCfg = Release|Any CPU
		{B89467C6-C7EB-4FDC-8579-722E31B26E9E}.Release|Any CPU.Build.0 = Release|Any CPU
		{62A94A5A-5348-44EF-9CFB-02BAE57041AA}.Debug|Any CPU.ActiveCfg = Debug|Any CPU
		{62A94A5A-5348-44EF-9CFB-02BAE57041AA}.Debug|Any CPU.Build.0 = Debug|Any CPU
		{62A94A5A-5348-44EF-9CFB-02BAE57041AA}.Release|Any CPU.ActiveCfg = Release|Any CPU
		{62A94A5A-5348-44EF-9CFB-02BAE57041AA}.Release|Any CPU.Build.0 = Release|Any CPU
		{EFCDAE45-7162-4E65-B31C-EF607AD49B07}.Debug|Any CPU.ActiveCfg = Debug|Any CPU
		{EFCDAE45-7162-4E65-B31C-EF607AD49B07}.Debug|Any CPU.Build.0 = Debug|Any CPU
		{EFCDAE45-7162-4E65-B31C-EF607AD49B07}.Release|Any CPU.ActiveCfg = Release|Any CPU
		{EFCDAE45-7162-4E65-B31C-EF607AD49B07}.Release|Any CPU.Build.0 = Release|Any CPU
		{8ABAB065-030B-40BF-BA9C-6DC6B525F2D3}.Debug|Any CPU.ActiveCfg = Debug|Any CPU
		{8ABAB065-030B-40BF-BA9C-6DC6B525F2D3}.Debug|Any CPU.Build.0 = Debug|Any CPU
		{8ABAB065-030B-40BF-BA9C-6DC6B525F2D3}.Release|Any CPU.ActiveCfg = Release|Any CPU
		{8ABAB065-030B-40BF-BA9C-6DC6B525F2D3}.Release|Any CPU.Build.0 = Release|Any CPU
		{1F6FC2C5-F9B0-45BA-8A9D-D2B2213CD051}.Debug|Any CPU.ActiveCfg = Debug|Any CPU
		{1F6FC2C5-F9B0-45BA-8A9D-D2B2213CD051}.Debug|Any CPU.Build.0 = Debug|Any CPU
		{1F6FC2C5-F9B0-45BA-8A9D-D2B2213CD051}.Release|Any CPU.ActiveCfg = Release|Any CPU
		{1F6FC2C5-F9B0-45BA-8A9D-D2B2213CD051}.Release|Any CPU.Build.0 = Release|Any CPU
		{6A725CDE-1C43-4D23-AB2B-399ABC4D29B8}.Debug|Any CPU.ActiveCfg = Debug|Any CPU
		{6A725CDE-1C43-4D23-AB2B-399ABC4D29B8}.Debug|Any CPU.Build.0 = Debug|Any CPU
		{6A725CDE-1C43-4D23-AB2B-399ABC4D29B8}.Release|Any CPU.ActiveCfg = Release|Any CPU
		{6A725CDE-1C43-4D23-AB2B-399ABC4D29B8}.Release|Any CPU.Build.0 = Release|Any CPU
		{98838757-D855-468E-BDCF-9EB0D09D1E09}.Debug|Any CPU.ActiveCfg = Debug|Any CPU
		{98838757-D855-468E-BDCF-9EB0D09D1E09}.Debug|Any CPU.Build.0 = Debug|Any CPU
		{98838757-D855-468E-BDCF-9EB0D09D1E09}.Release|Any CPU.ActiveCfg = Release|Any CPU
		{98838757-D855-468E-BDCF-9EB0D09D1E09}.Release|Any CPU.Build.0 = Release|Any CPU
		{B0B41CA2-F8E4-41AE-A6E8-2EAA2E21CDD1}.Debug|Any CPU.ActiveCfg = Debug|Any CPU
		{B0B41CA2-F8E4-41AE-A6E8-2EAA2E21CDD1}.Debug|Any CPU.Build.0 = Debug|Any CPU
		{B0B41CA2-F8E4-41AE-A6E8-2EAA2E21CDD1}.Release|Any CPU.ActiveCfg = Release|Any CPU
		{B0B41CA2-F8E4-41AE-A6E8-2EAA2E21CDD1}.Release|Any CPU.Build.0 = Release|Any CPU
		{AA45F0DE-206C-4571-9583-278987DD1C43}.Debug|Any CPU.ActiveCfg = Debug|Any CPU
		{AA45F0DE-206C-4571-9583-278987DD1C43}.Debug|Any CPU.Build.0 = Debug|Any CPU
		{AA45F0DE-206C-4571-9583-278987DD1C43}.Release|Any CPU.ActiveCfg = Release|Any CPU
		{AA45F0DE-206C-4571-9583-278987DD1C43}.Release|Any CPU.Build.0 = Release|Any CPU
		{0CD047A7-2518-4481-929A-346B8A1AC5DE}.Debug|Any CPU.ActiveCfg = Debug|Any CPU
		{0CD047A7-2518-4481-929A-346B8A1AC5DE}.Debug|Any CPU.Build.0 = Debug|Any CPU
		{0CD047A7-2518-4481-929A-346B8A1AC5DE}.Release|Any CPU.ActiveCfg = Release|Any CPU
		{0CD047A7-2518-4481-929A-346B8A1AC5DE}.Release|Any CPU.Build.0 = Release|Any CPU
		{242FB11E-669A-4D86-B80C-F0EC71222A8E}.Debug|Any CPU.ActiveCfg = Debug|Any CPU
		{242FB11E-669A-4D86-B80C-F0EC71222A8E}.Debug|Any CPU.Build.0 = Debug|Any CPU
		{242FB11E-669A-4D86-B80C-F0EC71222A8E}.Release|Any CPU.ActiveCfg = Release|Any CPU
		{242FB11E-669A-4D86-B80C-F0EC71222A8E}.Release|Any CPU.Build.0 = Release|Any CPU
		{59E43D38-C041-4E43-8F4C-3E3E57E15149}.Debug|Any CPU.ActiveCfg = Debug|Any CPU
		{59E43D38-C041-4E43-8F4C-3E3E57E15149}.Debug|Any CPU.Build.0 = Debug|Any CPU
		{59E43D38-C041-4E43-8F4C-3E3E57E15149}.Release|Any CPU.ActiveCfg = Release|Any CPU
		{59E43D38-C041-4E43-8F4C-3E3E57E15149}.Release|Any CPU.Build.0 = Release|Any CPU
	EndGlobalSection
	GlobalSection(SolutionProperties) = preSolution
		HideSolutionNode = FALSE
	EndGlobalSection
	GlobalSection(NestedProjects) = preSolution
		{E351C420-68BA-4585-BC06-1C2E1D079F99} = {3BF2BD61-92E4-41A8-95DA-827A780E9BA2}
		{FD56437C-6F0B-428F-A40C-AA934C307C8F} = {3BF2BD61-92E4-41A8-95DA-827A780E9BA2}
		{06236202-6D1F-4001-94D1-B19898E3F23D} = {FD56437C-6F0B-428F-A40C-AA934C307C8F}
		{9AE3C425-7B02-4085-8D28-0FE4E05BD885} = {FD56437C-6F0B-428F-A40C-AA934C307C8F}
		{259A03B3-B075-4A1D-9337-7C82AD3F7D7B} = {FD56437C-6F0B-428F-A40C-AA934C307C8F}
		{41303C83-68F3-4AFC-946F-CB28C863E7A4} = {FD56437C-6F0B-428F-A40C-AA934C307C8F}
		{A600C9B7-E855-4636-AAD1-92E0E2A7CDAB} = {3BF2BD61-92E4-41A8-95DA-827A780E9BA2}
		{83E56A82-294B-428E-8139-BCC64C0FBE9E} = {A600C9B7-E855-4636-AAD1-92E0E2A7CDAB}
		{E9CAC4E5-F7B5-4FA3-9191-02FCA0F55104} = {83E56A82-294B-428E-8139-BCC64C0FBE9E}
		{FF1C1AD7-1723-4E02-9B9C-1E65765E5FA9} = {83E56A82-294B-428E-8139-BCC64C0FBE9E}
		{A1843BD0-6E2F-4F58-BB0E-D3EC9FB4A18E} = {83E56A82-294B-428E-8139-BCC64C0FBE9E}
		{E12E21D6-DA02-4450-B7C9-424E568498C8} = {83E56A82-294B-428E-8139-BCC64C0FBE9E}
		{B5F0E665-18C0-4AA1-BF18-9A0123A970DC} = {83E56A82-294B-428E-8139-BCC64C0FBE9E}
		{662EA537-AF73-4EC4-A3D8-047DA2AAEA0A} = {83E56A82-294B-428E-8139-BCC64C0FBE9E}
		{031CFB21-0BDE-4A9E-9C9D-8DA5120C4333} = {ABC24C50-6003-4F1D-AB3D-014CC21DD3C8}
		{D236DEAB-80B1-4DE1-B7E7-8A8CE207062C} = {031CFB21-0BDE-4A9E-9C9D-8DA5120C4333}
		{B89467C6-C7EB-4FDC-8579-722E31B26E9E} = {FD56437C-6F0B-428F-A40C-AA934C307C8F}
		{62A94A5A-5348-44EF-9CFB-02BAE57041AA} = {FD56437C-6F0B-428F-A40C-AA934C307C8F}
		{A4BA52D7-7C2F-4F8E-8231-B2027134769C} = {A600C9B7-E855-4636-AAD1-92E0E2A7CDAB}
		{2F8D8C7F-82FA-4243-A73C-6232F7C288BF} = {A600C9B7-E855-4636-AAD1-92E0E2A7CDAB}
		{EFCDAE45-7162-4E65-B31C-EF607AD49B07} = {2F8D8C7F-82FA-4243-A73C-6232F7C288BF}
		{8ABAB065-030B-40BF-BA9C-6DC6B525F2D3} = {FD56437C-6F0B-428F-A40C-AA934C307C8F}
		{1F6FC2C5-F9B0-45BA-8A9D-D2B2213CD051} = {2F8D8C7F-82FA-4243-A73C-6232F7C288BF}
		{6A725CDE-1C43-4D23-AB2B-399ABC4D29B8} = {2F8D8C7F-82FA-4243-A73C-6232F7C288BF}
		{98838757-D855-468E-BDCF-9EB0D09D1E09} = {FD56437C-6F0B-428F-A40C-AA934C307C8F}
		{B0B41CA2-F8E4-41AE-A6E8-2EAA2E21CDD1} = {A4BA52D7-7C2F-4F8E-8231-B2027134769C}
		{AA45F0DE-206C-4571-9583-278987DD1C43} = {A4BA52D7-7C2F-4F8E-8231-B2027134769C}
		{0CD047A7-2518-4481-929A-346B8A1AC5DE} = {83E56A82-294B-428E-8139-BCC64C0FBE9E}
		{242FB11E-669A-4D86-B80C-F0EC71222A8E} = {A4BA52D7-7C2F-4F8E-8231-B2027134769C}
		{59E43D38-C041-4E43-8F4C-3E3E57E15149} = {A4BA52D7-7C2F-4F8E-8231-B2027134769C}
	EndGlobalSection
	GlobalSection(ExtensibilityGlobals) = postSolution
		SolutionGuid = {42181028-692A-4DC9-97A6-0D6069476CDE}
	EndGlobalSection
EndGlobal
